github.com/min-median-max/wails-service-native-compositor v0.0.0-20260822033405-3530617b540f h1:3T5YIJHRwrp0+71d7dl5zoEIL1J1O95zOb9GjHZu9JY=
github.com/min-median-max/wails-service-native-compositor v0.0.0-20260822033405-3530617b540f/go.mod h1:sRNx8UkEJJadPG/4wWNt/7hh9djkJBa9fb94LhtQ1vs=
github.com/soksak-ai/soksak-contract-contentview v0.0.0-20260822033207-5af66117202f h1:8N2Q1/QmbjqJ1D+6Xf+WcOXievG9/P3kpGs4e7ZlrkU=
github.com/soksak-ai/soksak-contract-contentview v0.0.0-20260822033207-5af66117202f/go.mod h1:8mZL8RI8c0G/S2VMvBj1t845gWwopw2xrqF96eaXM8U=
